// !$*UTF8*$!
{
	archiveVersion = 1;
	classes = {
	};
	objectVersion = 46;
	objects = {

/* Begin PBXBuildFile section */
		D8A8C3AE17982B54009B1300 /* Foundation.framework in Frameworks */ = {isa = PBXBuildFile; fileRef = D8A8C3AD17982B54009B1300 /* Foundation.framework */; };
		D8A8C3B017982B54009B1300 /* CoreGraphics.framework in Frameworks */ = {isa = PBXBuildFile; fileRef = D8A8C3AF17982B54009B1300 /* CoreGraphics.framework */; };
		D8A8C3B217982B54009B1300 /* UIKit.framework in Frameworks */ = {isa = PBXBuildFile; fileRef = D8A8C3B117982B54009B1300 /* UIKit.framework */; };
		D8A8C3B817982B55009B1300 /* InfoPlist.strings in Resources */ = {isa = PBXBuildFile; fileRef = D8A8C3B617982B55009B1300 /* InfoPlist.strings */; };
		D8A8C3BA17982B55009B1300 /* main.m in Sources */ = {isa = PBXBuildFile; fileRef = D8A8C3B917982B55009B1300 /* main.m */; };
		D8A8C3BE17982B55009B1300 /* LEAppDelegate.m in Sources */ = {isa = PBXBuildFile; fileRef = D8A8C3BD17982B55009B1300 /* LEAppDelegate.m */; };
		D8A8C3C117982B55009B1300 /* Main_iPhone.storyboard in Resources */ = {isa = PBXBuildFile; fileRef = D8A8C3BF17982B55009B1300 /* Main_iPhone.storyboard */; };
		D8A8C3C417982B55009B1300 /* Main_iPad.storyboard in Resources */ = {isa = PBXBuildFile; fileRef = D8A8C3C217982B55009B1300 /* Main_iPad.storyboard */; };
		D8A8C3C717982B55009B1300 /* LEFirstViewController.m in Sources */ = {isa = PBXBuildFile; fileRef = D8A8C3C617982B55009B1300 /* LEFirstViewController.m */; };
		D8A8C3CA17982B55009B1300 /* LESecondViewController.m in Sources */ = {isa = PBXBuildFile; fileRef = D8A8C3C917982B55009B1300 /* LESecondViewController.m */; };
		D8A8C3CC17982B55009B1300 /* Images.xcassets in Resources */ = {isa = PBXBuildFile; fileRef = D8A8C3CB17982B55009B1300 /* Images.xcassets */; };
		D8A8C3D317982B55009B1300 /* XCTest.framework in Frameworks */ = {isa = PBXBuildFile; fileRef = D8A8C3D217982B55009B1300 /* XCTest.framework */; };
		D8A8C3D417982B55009B1300 /* Foundation.framework in Frameworks */ = {isa = PBXBuildFile; fileRef = D8A8C3AD17982B54009B1300 /* Foundation.framework */; };
		D8A8C3D517982B55009B1300 /* UIKit.framework in Frameworks */ = {isa = PBXBuildFile; fileRef = D8A8C3B117982B54009B1300 /* UIKit.framework */; };
		D8A8C3DD17982B55009B1300 /* InfoPlist.strings in Resources */ = {isa = PBXBuildFile; fileRef = D8A8C3DB17982B55009B1300 /* InfoPlist.strings */; };
		D8A8C3DF17982B55009B1300 /* LemacsTests.m in Sources */ = {isa = PBXBuildFile; fileRef = D8A8C3DE17982B55009B1300 /* LemacsTests.m */; };
/* End PBXBuildFile section */

/* Begin PBXContainerItemProxy section */
		D8A8C3D617982B55009B1300 /* PBXContainerItemProxy */ = {
			isa = PBXContainerItemProxy;
			containerPortal = D8A8C3A217982B54009B1300 /* Project object */;
			proxyType = 1;
			remoteGlobalIDString = D8A8C3A917982B54009B1300;
			remoteInfo = Lemacs;
		};
/* End PBXContainerItemProxy section */

/* Begin PBXFileReference section */
		D8A8C3AA17982B54009B1300 /* Lemacs.app */ = {isa = PBXFileReference; explicitFileType = wrapper.application; includeInIndex = 0; path = Lemacs.app; sourceTree = BUILT_PRODUCTS_DIR; };
		D8A8C3AD17982B54009B1300 /* Foundation.framework */ = {isa = PBXFileReference; lastKnownFileType = wrapper.framework; name = Foundation.framework; path = System/Library/Frameworks/Foundation.framework; sourceTree = SDKROOT; };
		D8A8C3AF17982B54009B1300 /* CoreGraphics.framework */ = {isa = PBXFileReference; lastKnownFileType = wrapper.framework; name = CoreGraphics.framework; path = System/Library/Frameworks/CoreGraphics.framework; sourceTree = SDKROOT; };
		D8A8C3B117982B54009B1300 /* UIKit.framework */ = {isa = PBXFileReference; lastKnownFileType = wrapper.framework; name = UIKit.framework; path = System/Library/Frameworks/UIKit.framework; sourceTree = SDKROOT; };
		D8A8C3B517982B55009B1300 /* Lemacs-Info.plist */ = {isa = PBXFileReference; lastKnownFileType = text.plist.xml; path = "Lemacs-Info.plist"; sourceTree = "<group>"; };
		D8A8C3B717982B55009B1300 /* en */ = {isa = PBXFileReference; lastKnownFileType = text.plist.strings; name = en; path = en.lproj/InfoPlist.strings; sourceTree = "<group>"; };
		D8A8C3B917982B55009B1300 /* main.m */ = {isa = PBXFileReference; lastKnownFileType = sourcecode.c.objc; path = main.m; sourceTree = "<group>"; };
		D8A8C3BB17982B55009B1300 /* Lemacs-Prefix.pch */ = {isa = PBXFileReference; lastKnownFileType = sourcecode.c.h; path = "Lemacs-Prefix.pch"; sourceTree = "<group>"; };
		D8A8C3BC17982B55009B1300 /* LEAppDelegate.h */ = {isa = PBXFileReference; lastKnownFileType = sourcecode.c.h; path = LEAppDelegate.h; sourceTree = "<group>"; };
		D8A8C3BD17982B55009B1300 /* LEAppDelegate.m */ = {isa = PBXFileReference; lastKnownFileType = sourcecode.c.objc; path = LEAppDelegate.m; sourceTree = "<group>"; };
		D8A8C3C017982B55009B1300 /* Base */ = {isa = PBXFileReference; lastKnownFileType = file.storyboard; name = Base; path = Base.lproj/Main_iPhone.storyboard; sourceTree = "<group>"; };
		D8A8C3C317982B55009B1300 /* Base */ = {isa = PBXFileReference; lastKnownFileType = file.storyboard; name = Base; path = Base.lproj/Main_iPad.storyboard; sourceTree = "<group>"; };
		D8A8C3C517982B55009B1300 /* LEFirstViewController.h */ = {isa = PBXFileReference; lastKnownFileType = sourcecode.c.h; path = LEFirstViewController.h; sourceTree = "<group>"; };
		D8A8C3C617982B55009B1300 /* LEFirstViewController.m */ = {isa = PBXFileReference; lastKnownFileType = sourcecode.c.objc; path = LEFirstViewController.m; sourceTree = "<group>"; };
		D8A8C3C817982B55009B1300 /* LESecondViewController.h */ = {isa = PBXFileReference; lastKnownFileType = sourcecode.c.h; path = LESecondViewController.h; sourceTree = "<group>"; };
		D8A8C3C917982B55009B1300 /* LESecondViewController.m */ = {isa = PBXFileReference; lastKnownFileType = sourcecode.c.objc; path = LESecondViewController.m; sourceTree = "<group>"; };
		D8A8C3CB17982B55009B1300 /* Images.xcassets */ = {isa = PBXFileReference; lastKnownFileType = folder.assetcatalog; path = Images.xcassets; sourceTree = "<group>"; };
		D8A8C3D117982B55009B1300 /* LemacsTests.xctest */ = {isa = PBXFileReference; explicitFileType = wrapper.cfbundle; includeInIndex = 0; path = LemacsTests.xctest; sourceTree = BUILT_PRODUCTS_DIR; };
		D8A8C3D217982B55009B1300 /* XCTest.framework */ = {isa = PBXFileReference; lastKnownFileType = wrapper.framework; name = XCTest.framework; path = Library/Frameworks/XCTest.framework; sourceTree = DEVELOPER_DIR; };
		D8A8C3DA17982B55009B1300 /* LemacsTests-Info.plist */ = {isa = PBXFileReference; lastKnownFileType = text.plist.xml; path = "LemacsTests-Info.plist"; sourceTree = "<group>"; };
		D8A8C3DC17982B55009B1300 /* en */ = {isa = PBXFileReference; lastKnownFileType = text.plist.strings; name = en; path = en.lproj/InfoPlist.strings; sourceTree = "<group>"; };
		D8A8C3DE17982B55009B1300 /* LemacsTests.m */ = {isa = PBXFileReference; lastKnownFileType = sourcecode.c.objc; path = LemacsTests.m; sourceTree = "<group>"; };
/* End PBXFileReference section */

/* Begin PBXFrameworksBuildPhase section */
		D8A8C3A717982B54009B1300 /* Frameworks */ = {
			isa = PBXFrameworksBuildPhase;
			buildActionMask = 2147483647;
			files = (
				D8A8C3B017982B54009B1300 /* CoreGraphics.framework in Frameworks */,
				D8A8C3B217982B54009B1300 /* UIKit.framework in Frameworks */,
				D8A8C3AE17982B54009B1300 /* Foundation.framework in Frameworks */,
			);
			runOnlyForDeploymentPostprocessing = 0;
		};
		D8A8C3CE17982B55009B1300 /* Frameworks */ = {
			isa = PBXFrameworksBuildPhase;
			buildActionMask = 2147483647;
			files = (
				D8A8C3D317982B55009B1300 /* XCTest.framework in Frameworks */,
				D8A8C3D517982B55009B1300 /* UIKit.framework in Frameworks */,
				D8A8C3D417982B55009B1300 /* Foundation.framework in Frameworks */,
			);
			runOnlyForDeploymentPostprocessing = 0;
		};
/* End PBXFrameworksBuildPhase section */

/* Begin PBXGroup section */
		D8A8C3A117982B54009B1300 = {
			isa = PBXGroup;
			children = (
				D8A8C3B317982B54009B1300 /* Lemacs */,
				D8A8C3D817982B55009B1300 /* LemacsTests */,
				D8A8C3AC17982B54009B1300 /* Frameworks */,
				D8A8C3AB17982B54009B1300 /* Products */,
			);
			sourceTree = "<group>";
		};
		D8A8C3AB17982B54009B1300 /* Products */ = {
			isa = PBXGroup;
			children = (
				D8A8C3AA17982B54009B1300 /* Lemacs.app */,
				D8A8C3D117982B55009B1300 /* LemacsTests.xctest */,
			);
			name = Products;
			sourceTree = "<group>";
		};
		D8A8C3AC17982B54009B1300 /* Frameworks */ = {
			isa = PBXGroup;
			children = (
				D8A8C3AD17982B54009B1300 /* Foundation.framework */,
				D8A8C3AF17982B54009B1300 /* CoreGraphics.framework */,
				D8A8C3B117982B54009B1300 /* UIKit.framework */,
				D8A8C3D217982B55009B1300 /* XCTest.framework */,
			);
			name = Frameworks;
			sourceTree = "<group>";
		};
		D8A8C3B317982B54009B1300 /* Lemacs */ = {
			isa = PBXGroup;
			children = (
				D8A8C3BC17982B55009B1300 /* LEAppDelegate.h */,
				D8A8C3BD17982B55009B1300 /* LEAppDelegate.m */,
				D8A8C3BF17982B55009B1300 /* Main_iPhone.storyboard */,
				D8A8C3C217982B55009B1300 /* Main_iPad.storyboard */,
				D8A8C3C517982B55009B1300 /* LEFirstViewController.h */,
				D8A8C3C617982B55009B1300 /* LEFirstViewController.m */,
				D8A8C3C817982B55009B1300 /* LESecondViewController.h */,
				D8A8C3C917982B55009B1300 /* LESecondViewController.m */,
				D8A8C3CB17982B55009B1300 /* Images.xcassets */,
				D8A8C3B417982B55009B1300 /* Supporting Files */,
			);
			path = Lemacs;
			sourceTree = "<group>";
		};
		D8A8C3B417982B55009B1300 /* Supporting Files */ = {
			isa = PBXGroup;
			children = (
				D8A8C3B517982B55009B1300 /* Lemacs-Info.plist */,
				D8A8C3B617982B55009B1300 /* InfoPlist.strings */,
				D8A8C3B917982B55009B1300 /* main.m */,
				D8A8C3BB17982B55009B1300 /* Lemacs-Prefix.pch */,
			);
			name = "Supporting Files";
			sourceTree = "<group>";
		};
		D8A8C3D817982B55009B1300 /* LemacsTests */ = {
			isa = PBXGroup;
			children = (
				D8A8C3DE17982B55009B1300 /* LemacsTests.m */,
				D8A8C3D917982B55009B1300 /* Supporting Files */,
			);
			path = LemacsTests;
			sourceTree = "<group>";
		};
		D8A8C3D917982B55009B1300 /* Supporting Files */ = {
			isa = PBXGroup;
			children = (
				D8A8C3DA17982B55009B1300 /* LemacsTests-Info.plist */,
				D8A8C3DB17982B55009B1300 /* InfoPlist.strings */,
			);
			name = "Supporting Files";
			sourceTree = "<group>";
		};
/* End PBXGroup section */

/* Begin PBXNativeTarget section */
		D8A8C3A917982B54009B1300 /* Lemacs */ = {
			isa = PBXNativeTarget;
			buildConfigurationList = D8A8C3E217982B55009B1300 /* Build configuration list for PBXNativeTarget "Lemacs" */;
			buildPhases = (
				D8A8C3A617982B54009B1300 /* Sources */,
				D8A8C3A717982B54009B1300 /* Frameworks */,
				D8A8C3A817982B54009B1300 /* Resources */,
			);
			buildRules = (
			);
			dependencies = (
			);
			name = Lemacs;
			productName = Lemacs;
			productReference = D8A8C3AA17982B54009B1300 /* Lemacs.app */;
			productType = "com.apple.product-type.application";
		};
		D8A8C3D017982B55009B1300 /* LemacsTests */ = {
			isa = PBXNativeTarget;
			buildConfigurationList = D8A8C3E517982B55009B1300 /* Build configuration list for PBXNativeTarget "LemacsTests" */;
			buildPhases = (
				D8A8C3CD17982B55009B1300 /* Sources */,
				D8A8C3CE17982B55009B1300 /* Frameworks */,
				D8A8C3CF17982B55009B1300 /* Resources */,
			);
			buildRules = (
			);
			dependencies = (
				D8A8C3D717982B55009B1300 /* PBXTargetDependency */,
			);
			name = LemacsTests;
			productName = LemacsTests;
			productReference = D8A8C3D117982B55009B1300 /* LemacsTests.xctest */;
			productType = "com.apple.product-type.bundle.unit-test";
		};
/* End PBXNativeTarget section */

/* Begin PBXProject section */
		D8A8C3A217982B54009B1300 /* Project object */ = {
			isa = PBXProject;
			attributes = {
				CLASSPREFIX = LE;
				LastUpgradeCheck = 0500;
				ORGANIZATIONNAME = "New Lemurs";
				TargetAttributes = {
					D8A8C3D017982B55009B1300 = {
						TestTargetID = D8A8C3A917982B54009B1300;
					};
				};
			};
			buildConfigurationList = D8A8C3A517982B54009B1300 /* Build configuration list for PBXProject "Lemacs" */;
			compatibilityVersion = "Xcode 3.2";
			developmentRegion = English;
			hasScannedForEncodings = 0;
			knownRegions = (
				en,
				Base,
			);
			mainGroup = D8A8C3A117982B54009B1300;
			productRefGroup = D8A8C3AB17982B54009B1300 /* Products */;
			projectDirPath = "";
			projectRoot = "";
			targets = (
				D8A8C3A917982B54009B1300 /* Lemacs */,
				D8A8C3D017982B55009B1300 /* LemacsTests */,
			);
		};
/* End PBXProject section */

/* Begin PBXResourcesBuildPhase section */
		D8A8C3A817982B54009B1300 /* Resources */ = {
			isa = PBXResourcesBuildPhase;
			buildActionMask = 2147483647;
			files = (
				D8A8C3C417982B55009B1300 /* Main_iPad.storyboard in Resources */,
				D8A8C3CC17982B55009B1300 /* Images.xcassets in Resources */,
				D8A8C3C117982B55009B1300 /* Main_iPhone.storyboard in Resources */,
				D8A8C3B817982B55009B1300 /* InfoPlist.strings in Resources */,
			);
			runOnlyForDeploymentPostprocessing = 0;
		};
		D8A8C3CF17982B55009B1300 /* Resources */ = {
			isa = PBXResourcesBuildPhase;
			buildActionMask = 2147483647;
			files = (
				D8A8C3DD17982B55009B1300 /* InfoPlist.strings in Resources */,
			);
			runOnlyForDeploymentPostprocessing = 0;
		};
/* End PBXResourcesBuildPhase section */

/* Begin PBXSourcesBuildPhase section */
		D8A8C3A617982B54009B1300 /* Sources */ = {
			isa = PBXSourcesBuildPhase;
			buildActionMask = 2147483647;
			files = (
				D8A8C3BA17982B55009B1300 /* main.m in Sources */,
				D8A8C3C717982B55009B1300 /* LEFirstViewController.m in Sources */,
				D8A8C3BE17982B55009B1300 /* LEAppDelegate.m in Sources */,
				D8A8C3CA17982B55009B1300 /* LESecondViewController.m in Sources */,
			);
			runOnlyForDeploymentPostprocessing = 0;
		};
		D8A8C3CD17982B55009B1300 /* Sources */ = {
			isa = PBXSourcesBuildPhase;
			buildActionMask = 2147483647;
			files = (
				D8A8C3DF17982B55009B1300 /* LemacsTests.m in Sources */,
			);
			runOnlyForDeploymentPostprocessing = 0;
		};
/* End PBXSourcesBuildPhase section */

/* Begin PBXTargetDependency section */
		D8A8C3D717982B55009B1300 /* PBXTargetDependency */ = {
			isa = PBXTargetDependency;
			target = D8A8C3A917982B54009B1300 /* Lemacs */;
			targetProxy = D8A8C3D617982B55009B1300 /* PBXContainerItemProxy */;
		};
/* End PBXTargetDependency section */

/* Begin PBXVariantGroup section */
		D8A8C3B617982B55009B1300 /* InfoPlist.strings */ = {
			isa = PBXVariantGroup;
			children = (
				D8A8C3B717982B55009B1300 /* en */,
			);
			name = InfoPlist.strings;
			sourceTree = "<group>";
		};
		D8A8C3BF17982B55009B1300 /* Main_iPhone.storyboard */ = {
			isa = PBXVariantGroup;
			children = (
				D8A8C3C017982B55009B1300 /* Base */,
			);
			name = Main_iPhone.storyboard;
			sourceTree = "<group>";
		};
		D8A8C3C217982B55009B1300 /* Main_iPad.storyboard */ = {
			isa = PBXVariantGroup;
			children = (
				D8A8C3C317982B55009B1300 /* Base */,
			);
			name = Main_iPad.storyboard;
			sourceTree = "<group>";
		};
		D8A8C3DB17982B55009B1300 /* InfoPlist.strings */ = {
			isa = PBXVariantGroup;
			children = (
				D8A8C3DC17982B55009B1300 /* en */,
			);
			name = InfoPlist.strings;
			sourceTree = "<group>";
		};
/* End PBXVariantGroup section */

/* Begin XCBuildConfiguration section */
		D8A8C3E017982B55009B1300 /* Debug */ = {
			isa = XCBuildConfiguration;
			buildSettings = {
				ALWAYS_SEARCH_USER_PATHS = NO;
				CLANG_CXX_LANGUAGE_STANDARD = "gnu++0x";
				CLANG_CXX_LIBRARY = "libc++";
				CLANG_ENABLE_MODULES = YES;
				CLANG_ENABLE_OBJC_ARC = YES;
				CLANG_WARN_BOOL_CONVERSION = YES;
				CLANG_WARN_CONSTANT_CONVERSION = YES;
				CLANG_WARN_DIRECT_OBJC_ISA_USAGE = YES_ERROR;
				CLANG_WARN_EMPTY_BODY = YES;
				CLANG_WARN_ENUM_CONVERSION = YES;
				CLANG_WARN_INT_CONVERSION = YES;
				CLANG_WARN_OBJC_ROOT_CLASS = YES_ERROR;
				CLANG_WARN__DUPLICATE_METHOD_MATCH = YES;
				"CODE_SIGN_IDENTITY[sdk=iphoneos*]" = "iPhone Developer";
				COPY_PHASE_STRIP = NO;
				GCC_C_LANGUAGE_STANDARD = gnu99;
				GCC_DYNAMIC_NO_PIC = NO;
				GCC_OPTIMIZATION_LEVEL = 0;
				GCC_PREPROCESSOR_DEFINITIONS = (
					"DEBUG=1",
					"$(inherited)",
				);
				GCC_SYMBOLS_PRIVATE_EXTERN = NO;
				GCC_WARN_ABOUT_RETURN_TYPE = YES_ERROR;
				GCC_WARN_UNDECLARED_SELECTOR = YES;
				GCC_WARN_UNINITIALIZED_AUTOS = YES;
				GCC_WARN_UNUSED_FUNCTION = YES;
				GCC_WARN_UNUSED_VARIABLE = YES;
				IPHONEOS_DEPLOYMENT_TARGET = 7.0;
				ONLY_ACTIVE_ARCH = YES;
				SDKROOT = iphoneos;
				TARGETED_DEVICE_FAMILY = "1,2";
			};
			name = Debug;
		};
		D8A8C3E117982B55009B1300 /* Release */ = {
			isa = XCBuildConfiguration;
			buildSettings = {
				ALWAYS_SEARCH_USER_PATHS = NO;
				CLANG_CXX_LANGUAGE_STANDARD = "gnu++0x";
				CLANG_CXX_LIBRARY = "libc++";
				CLANG_ENABLE_MODULES = YES;
				CLANG_ENABLE_OBJC_ARC = YES;
				CLANG_WARN_BOOL_CONVERSION = YES;
				CLANG_WARN_CONSTANT_CONVERSION = YES;
				CLANG_WARN_DIRECT_OBJC_ISA_USAGE = YES_ERROR;
				CLANG_WARN_EMPTY_BODY = YES;
				CLANG_WARN_ENUM_CONVERSION = YES;
				CLANG_WARN_INT_CONVERSION = YES;
				CLANG_WARN_OBJC_ROOT_CLASS = YES_ERROR;
				CLANG_WARN__DUPLICATE_METHOD_MATCH = YES;
				"CODE_SIGN_IDENTITY[sdk=iphoneos*]" = "iPhone Developer";
				COPY_PHASE_STRIP = YES;
				ENABLE_NS_ASSERTIONS = NO;
				GCC_C_LANGUAGE_STANDARD = gnu99;
				GCC_WARN_ABOUT_RETURN_TYPE = YES_ERROR;
				GCC_WARN_UNDECLARED_SELECTOR = YES;
				GCC_WARN_UNINITIALIZED_AUTOS = YES;
				GCC_WARN_UNUSED_FUNCTION = YES;
				GCC_WARN_UNUSED_VARIABLE = YES;
				IPHONEOS_DEPLOYMENT_TARGET = 7.0;
				SDKROOT = iphoneos;
				TARGETED_DEVICE_FAMILY = "1,2";
				VALIDATE_PRODUCT = YES;
			};
			name = Release;
		};
		D8A8C3E317982B55009B1300 /* Debug */ = {
			isa = XCBuildConfiguration;
			buildSettings = {
				ASSETCATALOG_COMPILER_APPICON_NAME = AppIcon;
				ASSETCATALOG_COMPILER_LAUNCHIMAGE_NAME = LaunchImage;
				GCC_PRECOMPILE_PREFIX_HEADER = YES;
				GCC_PREFIX_HEADER = "Lemacs/Lemacs-Prefix.pch";
				INFOPLIST_FILE = "Lemacs/Lemacs-Info.plist";
				PRODUCT_NAME = "$(TARGET_NAME)";
				WRAPPER_EXTENSION = app;
			};
			name = Debug;
		};
		D8A8C3E417982B55009B1300 /* Release */ = {
			isa = XCBuildConfiguration;
			buildSettings = {
				ASSETCATALOG_COMPILER_APPICON_NAME = AppIcon;
				ASSETCATALOG_COMPILER_LAUNCHIMAGE_NAME = LaunchImage;
				GCC_PRECOMPILE_PREFIX_HEADER = YES;
				GCC_PREFIX_HEADER = "Lemacs/Lemacs-Prefix.pch";
				INFOPLIST_FILE = "Lemacs/Lemacs-Info.plist";
				PRODUCT_NAME = "$(TARGET_NAME)";
				WRAPPER_EXTENSION = app;
			};
			name = Release;
		};
		D8A8C3E617982B55009B1300 /* Debug */ = {
			isa = XCBuildConfiguration;
			buildSettings = {
				BUNDLE_LOADER = "$(BUILT_PRODUCTS_DIR)/Lemacs.app/Lemacs";
				FRAMEWORK_SEARCH_PATHS = (
					"$(SDKROOT)/Developer/Library/Frameworks",
					"$(inherited)",
					"$(SYSTEM_APPS_DIR)/Xcode5-DP3.app/Contents/Developer/Library/Frameworks",
				);
				GCC_PRECOMPILE_PREFIX_HEADER = YES;
				GCC_PREFIX_HEADER = "Lemacs/Lemacs-Prefix.pch";
				GCC_PREPROCESSOR_DEFINITIONS = (
					"DEBUG=1",
					"$(inherited)",
				);
				INFOPLIST_FILE = "LemacsTests/LemacsTests-Info.plist";
				PRODUCT_NAME = "$(TARGET_NAME)";
				TEST_HOST = "$(BUNDLE_LOADER)";
				WRAPPER_EXTENSION = xctest;
			};
			name = Debug;
		};
		D8A8C3E717982B55009B1300 /* Release */ = {
			isa = XCBuildConfiguration;
			buildSettings = {
				BUNDLE_LOADER = "$(BUILT_PRODUCTS_DIR)/Lemacs.app/Lemacs";
				FRAMEWORK_SEARCH_PATHS = (
					"$(SDKROOT)/Developer/Library/Frameworks",
					"$(inherited)",
					"$(SYSTEM_APPS_DIR)/Xcode5-DP3.app/Contents/Developer/Library/Frameworks",
				);
				GCC_PRECOMPILE_PREFIX_HEADER = YES;
				GCC_PREFIX_HEADER = "Lemacs/Lemacs-Prefix.pch";
				INFOPLIST_FILE = "LemacsTests/LemacsTests-Info.plist";
				PRODUCT_NAME = "$(TARGET_NAME)";
				TEST_HOST = "$(BUNDLE_LOADER)";
				WRAPPER_EXTENSION = xctest;
			};
			name = Release;
		};
/* End XCBuildConfiguration section */

/* Begin XCConfigurationList section */
		D8A8C3A517982B54009B1300 /* Build configuration list for PBXProject "Lemacs" */ = {
			isa = XCConfigurationList;
			buildConfigurations = (
				D8A8C3E017982B55009B1300 /* Debug */,
				D8A8C3E117982B55009B1300 /* Release */,
			);
			defaultConfigurationIsVisible = 0;
			defaultConfigurationName = Release;
		};
		D8A8C3E217982B55009B1300 /* Build configuration list for PBXNativeTarget "Lemacs" */ = {
			isa = XCConfigurationList;
			buildConfigurations = (
				D8A8C3E317982B55009B1300 /* Debug */,
				D8A8C3E417982B55009B1300 /* Release */,
			);
			defaultConfigurationIsVisible = 0;
		};
		D8A8C3E517982B55009B1300 /* Build configuration list for PBXNativeTarget "LemacsTests" */ = {
			isa = XCConfigurationList;
			buildConfigurations = (
				D8A8C3E617982B55009B1300 /* Debug */,
				D8A8C3E717982B55009B1300 /* Release */,
			);
			defaultConfigurationIsVisible = 0;
		};
/* End XCConfigurationList section */
	};
	rootObject = D8A8C3A217982B54009B1300 /* Project object */;
}
